
Microsoft Visual Studio Solution File, Format Version 12.00
# Visual Studio Version 17
VisualStudioVersion = 17.4.33205.214
MinimumVisualStudioVersion = 10.0.40219.1
Project("{FAE04EC0-301F-11D3-BF4B-00C04F79EFBC}") = "LINQ.Final", "LINQ.Final\LINQ.Final.csproj", "{F05559F0-7177-4883-98A6-01D6D9CB4DF7}"
EndProject
Global
	GlobalSection(SolutionConfigurationPlatforms) = preSolution
		Debug|Any CPU = Debug|Any CPU
		Release|Any CPU = Release|Any CPU
	EndGlobalSection
	GlobalSection(ProjectConfigurationPlatforms) = postSolution
		{F05559F0-7177-4883-98A6-01D6D9CB4DF7}.Debug|Any CPU.ActiveCfg = Debug|Any CPU
		{F05559F0-7177-4883-98A6-01D6D9CB4DF7}.Debug|Any CPU.Build.0 = Debug|Any CPU
		{F05559F0-7177-4883-98A6-01D6D9CB4DF7}.Release|Any CPU.ActiveCfg = Release|Any CPU
		{F05559F0-7177-4883-98A6-01D6D9CB4DF7}.Release|Any CPU.Build.0 = Release|Any CPU
	EndGlobalSection
	GlobalSection(SolutionProperties) = preSolution
		HideSolutionNode = FALSE
	EndGlobalSection
	GlobalSection(ExtensibilityGlobals) = postSolution
		SolutionGuid = {D2247618-BF6E-49DF-92AD-6E9B332D3FC6}
	EndGlobalSection
EndGlobal
